
Microsoft Visual Studio Solution File, Format Version 11.00
# Visual Studio 2010
Project("{FAE04EC0-301F-11D3-BF4B-00C04F79EFBC}") = "Assembly-CSharp", "Assembly-CSharp.csproj", "{0e03a9e6-05ef-0dd0-b571-b361dbaeca91}"
EndProject
Project("{FAE04EC0-301F-11D3-BF4B-00C04F79EFBC}") = "Assembly-CSharp-Editor", "Assembly-CSharp-Editor.csproj", "{91a7cdf9-dd43-e71d-80c8-dd2013fe96ee}"
EndProject
Global
	GlobalSection(SolutionConfigurationPlatforms) = preSolution
		Debug|Any CPU = Debug|Any CPU
	EndGlobalSection
	GlobalSection(ProjectConfigurationPlatforms) = postSolution
		{0e03a9e6-05ef-0dd0-b571-b361dbaeca91}.Debug|Any CPU.ActiveCfg = Debug|Any CPU
		{0e03a9e6-05ef-0dd0-b571-b361dbaeca91}.Debug|Any CPU.Build.0 = Debug|Any CPU
		{91a7cdf9-dd43-e71d-80c8-dd2013fe96ee}.Debug|Any CPU.ActiveCfg = Debug|Any CPU
		{91a7cdf9-dd43-e71d-80c8-dd2013fe96ee}.Debug|Any CPU.Build.0 = Debug|Any CPU
	EndGlobalSection
	GlobalSection(SolutionProperties) = preSolution
		HideSolutionNode = FALSE
	EndGlobalSection
EndGlobal
